{
  "originHash" : "249e5597761da01256b9595a16f9bf20ade2dc5dda174b8d6748f863902bf4ef",
  "pins" : [
    {
      "identity" : "swift-http-types",
      "kind" : "remoteSourceControl",
      "location" : "https://github.com/apple/swift-http-types.git",
      "state" : {
        "revision" : "9bee2fdb79cc740081abd8ebd80738063d632286",
        "version" : "1.1.0"
      }
    }
  ],
  "version" : 3
}
